// !$*UTF8*$!
{
	archiveVersion = 1;
	classes = {
	};
	objectVersion = 51;
	objects = {

/* Begin PBXBuildFile section */
		60AE7B656141DC0A90F7BD68 /* Pods_RxSwiftExample.framework in Frameworks */ = {isa = PBXBuildFile; fileRef = 41125C725F8ACDB04B0652E5 /* Pods_RxSwiftExample.framework */; };
		833557982395058C0024B294 /* AppDelegate.swift in Sources */ = {isa = PBXBuildFile; fileRef = 833557972395058C0024B294 /* AppDelegate.swift */; };
		8335579A2395058C0024B294 /* SceneDelegate.swift in Sources */ = {isa = PBXBuildFile; fileRef = 833557992395058C0024B294 /* SceneDelegate.swift */; };
		8335579C2395058C0024B294 /* ViewController.swift in Sources */ = {isa = PBXBuildFile; fileRef = 8335579B2395058C0024B294 /* ViewController.swift */; };
		8335579F2395058C0024B294 /* Main.storyboard in Resources */ = {isa = PBXBuildFile; fileRef = 8335579D2395058C0024B294 /* Main.storyboard */; };
		833557A12395058D0024B294 /* Assets.xcassets in Resources */ = {isa = PBXBuildFile; fileRef = 833557A02395058D0024B294 /* Assets.xcassets */; };
		833557A42395058D0024B294 /* LaunchScreen.storyboard in Resources */ = {isa = PBXBuildFile; fileRef = 833557A22395058D0024B294 /* LaunchScreen.storyboard */; };
		83FEB6262395065300CA0E80 /* Post.swift in Sources */ = {isa = PBXBuildFile; fileRef = 83FEB6252395065300CA0E80 /* Post.swift */; };
		83FEB629239506A500CA0E80 /* PostVM.swift in Sources */ = {isa = PBXBuildFile; fileRef = 83FEB628239506A500CA0E80 /* PostVM.swift */; };
		83FEB62F23950AC600CA0E80 /* TableCell.xib in Resources */ = {isa = PBXBuildFile; fileRef = 83FEB62E23950AC600CA0E80 /* TableCell.xib */; };
		83FEB63123950B1400CA0E80 /* TableCell.swift in Sources */ = {isa = PBXBuildFile; fileRef = 83FEB63023950B1400CA0E80 /* TableCell.swift */; };
/* End PBXBuildFile section */

/* Begin PBXFileReference section */
		41125C725F8ACDB04B0652E5 /* Pods_RxSwiftExample.framework */ = {isa = PBXFileReference; explicitFileType = wrapper.framework; includeInIndex = 0; path = Pods_RxSwiftExample.framework; sourceTree = BUILT_PRODUCTS_DIR; };
		833557942395058C0024B294 /* RxSwiftExample.app */ = {isa = PBXFileReference; explicitFileType = wrapper.application; includeInIndex = 0; path = RxSwiftExample.app; sourceTree = BUILT_PRODUCTS_DIR; };
		833557972395058C0024B294 /* AppDelegate.swift */ = {isa = PBXFileReference; lastKnownFileType = sourcecode.swift; path = AppDelegate.swift; sourceTree = "<group>"; };
		833557992395058C0024B294 /* SceneDelegate.swift */ = {isa = PBXFileReference; lastKnownFileType = sourcecode.swift; path = SceneDelegate.swift; sourceTree = "<group>"; };
		8335579B2395058C0024B294 /* ViewController.swift */ = {isa = PBXFileReference; lastKnownFileType = sourcecode.swift; path = ViewController.swift; sourceTree = "<group>"; };
		8335579E2395058C0024B294 /* Base */ = {isa = PBXFileReference; lastKnownFileType = file.storyboard; name = Base; path = Base.lproj/Main.storyboard; sourceTree = "<group>"; };
		833557A02395058D0024B294 /* Assets.xcassets */ = {isa = PBXFileReference; lastKnownFileType = folder.assetcatalog; path = Assets.xcassets; sourceTree = "<group>"; };
		833557A32395058D0024B294 /* Base */ = {isa = PBXFileReference; lastKnownFileType = file.storyboard; name = Base; path = Base.lproj/LaunchScreen.storyboard; sourceTree = "<group>"; };
		833557A52395058D0024B294 /* Info.plist */ = {isa = PBXFileReference; lastKnownFileType = text.plist.xml; path = Info.plist; sourceTree = "<group>"; };
		83FEB6252395065300CA0E80 /* Post.swift */ = {isa = PBXFileReference; lastKnownFileType = sourcecode.swift; path = Post.swift; sourceTree = "<group>"; };
		83FEB628239506A500CA0E80 /* PostVM.swift */ = {isa = PBXFileReference; lastKnownFileType = sourcecode.swift; path = PostVM.swift; sourceTree = "<group>"; };
		83FEB62E23950AC600CA0E80 /* TableCell.xib */ = {isa = PBXFileReference; lastKnownFileType = file.xib; path = TableCell.xib; sourceTree = "<group>"; };
		83FEB63023950B1400CA0E80 /* TableCell.swift */ = {isa = PBXFileReference; lastKnownFileType = sourcecode.swift; path = TableCell.swift; sourceTree = "<group>"; };
		ADB6D4426A4ED4FCA50423AC /* Pods-RxSwiftExample.release.xcconfig */ = {isa = PBXFileReference; includeInIndex = 1; lastKnownFileType = text.xcconfig; name = "Pods-RxSwiftExample.release.xcconfig"; path = "Target Support Files/Pods-RxSwiftExample/Pods-RxSwiftExample.release.xcconfig"; sourceTree = "<group>"; };
		B5A429723741B9F31E96AF09 /* Pods-RxSwiftExample.debug.xcconfig */ = {isa = PBXFileReference; includeInIndex = 1; lastKnownFileType = text.xcconfig; name = "Pods-RxSwiftExample.debug.xcconfig"; path = "Target Support Files/Pods-RxSwiftExample/Pods-RxSwiftExample.debug.xcconfig"; sourceTree = "<group>"; };
/* End PBXFileReference section */

/* Begin PBXFrameworksBuildPhase section */
		833557912395058C0024B294 /* Frameworks */ = {
			isa = PBXFrameworksBuildPhase;
			buildActionMask = 2147483647;
			files = (
				60AE7B656141DC0A90F7BD68 /* Pods_RxSwiftExample.framework in Frameworks */,
			);
			runOnlyForDeploymentPostprocessing = 0;
		};
/* End PBXFrameworksBuildPhase section */

/* Begin PBXGroup section */
		1978B0C96A1FB3B7CCFC6F16 /* Pods */ = {
			isa = PBXGroup;
			children = (
				B5A429723741B9F31E96AF09 /* Pods-RxSwiftExample.debug.xcconfig */,
				ADB6D4426A4ED4FCA50423AC /* Pods-RxSwiftExample.release.xcconfig */,
			);
			path = Pods;
			sourceTree = "<group>";
		};
		8335578B2395058C0024B294 = {
			isa = PBXGroup;
			children = (
				833557962395058C0024B294 /* RxSwiftExample */,
				833557952395058C0024B294 /* Products */,
				1978B0C96A1FB3B7CCFC6F16 /* Pods */,
				9266E8A0DC70683E14233160 /* Frameworks */,
			);
			sourceTree = "<group>";
		};
		833557952395058C0024B294 /* Products */ = {
			isa = PBXGroup;
			children = (
				833557942395058C0024B294 /* RxSwiftExample.app */,
			);
			name = Products;
			sourceTree = "<group>";
		};
		833557962395058C0024B294 /* RxSwiftExample */ = {
			isa = PBXGroup;
			children = (
				83FEB6272395068E00CA0E80 /* ViewModel */,
				833557AB239505B70024B294 /* Model */,
				83FEB62A23950A0200CA0E80 /* MainView */,
				833557972395058C0024B294 /* AppDelegate.swift */,
				833557992395058C0024B294 /* SceneDelegate.swift */,
				833557A02395058D0024B294 /* Assets.xcassets */,
				833557A22395058D0024B294 /* LaunchScreen.storyboard */,
				833557A52395058D0024B294 /* Info.plist */,
			);
			path = RxSwiftExample;
			sourceTree = "<group>";
		};
		833557AB239505B70024B294 /* Model */ = {
			isa = PBXGroup;
			children = (
				83FEB6252395065300CA0E80 /* Post.swift */,
			);
			path = Model;
			sourceTree = "<group>";
		};
		83FEB6272395068E00CA0E80 /* ViewModel */ = {
			isa = PBXGroup;
			children = (
				83FEB628239506A500CA0E80 /* PostVM.swift */,
			);
			path = ViewModel;
			sourceTree = "<group>";
		};
		83FEB62A23950A0200CA0E80 /* MainView */ = {
			isa = PBXGroup;
			children = (
				83FEB62B23950A0D00CA0E80 /* Resources */,
				8335579B2395058C0024B294 /* ViewController.swift */,
				83FEB63023950B1400CA0E80 /* TableCell.swift */,
			);
			path = MainView;
			sourceTree = "<group>";
		};
		83FEB62B23950A0D00CA0E80 /* Resources */ = {
			isa = PBXGroup;
			children = (
				83FEB62D23950A5500CA0E80 /* Asset */,
				8335579D2395058C0024B294 /* Main.storyboard */,
			);
			path = Resources;
			sourceTree = "<group>";
		};
		83FEB62D23950A5500CA0E80 /* Asset */ = {
			isa = PBXGroup;
			children = (
				83FEB62E23950AC600CA0E80 /* TableCell.xib */,
			);
			path = Asset;
			sourceTree = "<group>";
		};
		9266E8A0DC70683E14233160 /* Frameworks */ = {
			isa = PBXGroup;
			children = (
				41125C725F8ACDB04B0652E5 /* Pods_RxSwiftExample.framework */,
			);
			name = Frameworks;
			sourceTree = "<group>";
		};
/* End PBXGroup section */

/* Begin PBXNativeTarget section */
		833557932395058C0024B294 /* RxSwiftExample */ = {
			isa = PBXNativeTarget;
			buildConfigurationList = 833557A82395058D0024B294 /* Build configuration list for PBXNativeTarget "RxSwiftExample" */;
			buildPhases = (
				B1024D138260D49340AD38A6 /* [CP] Check Pods Manifest.lock */,
				833557902395058C0024B294 /* Sources */,
				833557912395058C0024B294 /* Frameworks */,
				833557922395058C0024B294 /* Resources */,
				39B9355E63AC5D891687A091 /* [CP] Embed Pods Frameworks */,
			);
			buildRules = (
			);
			dependencies = (
			);
			name = RxSwiftExample;
			productName = RxSwiftExample;
			productReference = 833557942395058C0024B294 /* RxSwiftExample.app */;
			productType = "com.apple.product-type.application";
		};
/* End PBXNativeTarget section */

/* Begin PBXProject section */
		8335578C2395058C0024B294 /* Project object */ = {
			isa = PBXProject;
			attributes = {
				LastSwiftUpdateCheck = 1110;
				LastUpgradeCheck = 1110;
				ORGANIZATIONNAME = "Amin faruq";
				TargetAttributes = {
					833557932395058C0024B294 = {
						CreatedOnToolsVersion = 11.1;
					};
				};
			};
			buildConfigurationList = 8335578F2395058C0024B294 /* Build configuration list for PBXProject "RxSwiftExample" */;
			compatibilityVersion = "Xcode 9.3";
			developmentRegion = en;
			hasScannedForEncodings = 0;
			knownRegions = (
				en,
				Base,
			);
			mainGroup = 8335578B2395058C0024B294;
			productRefGroup = 833557952395058C0024B294 /* Products */;
			projectDirPath = "";
			projectRoot = "";
			targets = (
				833557932395058C0024B294 /* RxSwiftExample */,
			);
		};
/* End PBXProject section */

/* Begin PBXResourcesBuildPhase section */
		833557922395058C0024B294 /* Resources */ = {
			isa = PBXResourcesBuildPhase;
			buildActionMask = 2147483647;
			files = (
				833557A42395058D0024B294 /* LaunchScreen.storyboard in Resources */,
				833557A12395058D0024B294 /* Assets.xcassets in Resources */,
				83FEB62F23950AC600CA0E80 /* TableCell.xib in Resources */,
				8335579F2395058C0024B294 /* Main.storyboard in Resources */,
			);
			runOnlyForDeploymentPostprocessing = 0;
		};
/* End PBXResourcesBuildPhase section */

/* Begin PBXShellScriptBuildPhase section */
		39B9355E63AC5D891687A091 /* [CP] Embed Pods Frameworks */ = {
			isa = PBXShellScriptBuildPhase;
			buildActionMask = 2147483647;
			files = (
			);
			inputFileListPaths = (
				"${PODS_ROOT}/Target Support Files/Pods-RxSwiftExample/Pods-RxSwiftExample-frameworks-${CONFIGURATION}-input-files.xcfilelist",
			);
			name = "[CP] Embed Pods Frameworks";
			outputFileListPaths = (
				"${PODS_ROOT}/Target Support Files/Pods-RxSwiftExample/Pods-RxSwiftExample-frameworks-${CONFIGURATION}-output-files.xcfilelist",
			);
			runOnlyForDeploymentPostprocessing = 0;
			shellPath = /bin/sh;
			shellScript = "\"${PODS_ROOT}/Target Support Files/Pods-RxSwiftExample/Pods-RxSwiftExample-frameworks.sh\"\n";
			showEnvVarsInLog = 0;
		};
		B1024D138260D49340AD38A6 /* [CP] Check Pods Manifest.lock */ = {
			isa = PBXShellScriptBuildPhase;
			buildActionMask = 2147483647;
			files = (
			);
			inputFileListPaths = (
			);
			inputPaths = (
				"${PODS_PODFILE_DIR_PATH}/Podfile.lock",
				"${PODS_ROOT}/Manifest.lock",
			);
			name = "[CP] Check Pods Manifest.lock";
			outputFileListPaths = (
			);
			outputPaths = (
				"$(DERIVED_FILE_DIR)/Pods-RxSwiftExample-checkManifestLockResult.txt",
			);
			runOnlyForDeploymentPostprocessing = 0;
			shellPath = /bin/sh;
			shellScript = "diff \"${PODS_PODFILE_DIR_PATH}/Podfile.lock\" \"${PODS_ROOT}/Manifest.lock\" > /dev/null\nif [ $? != 0 ] ; then\n    # print error to STDERR\n    echo \"error: The sandbox is not in sync with the Podfile.lock. Run 'pod install' or update your CocoaPods installation.\" >&2\n    exit 1\nfi\n# This output is used by Xcode 'outputs' to avoid re-running this script phase.\necho \"SUCCESS\" > \"${SCRIPT_OUTPUT_FILE_0}\"\n";
			showEnvVarsInLog = 0;
		};
/* End PBXShellScriptBuildPhase section */

/* Begin PBXSourcesBuildPhase section */
		833557902395058C0024B294 /* Sources */ = {
			isa = PBXSourcesBuildPhase;
			buildActionMask = 2147483647;
			files = (
				83FEB63123950B1400CA0E80 /* TableCell.swift in Sources */,
				8335579C2395058C0024B294 /* ViewController.swift in Sources */,
				833557982395058C0024B294 /* AppDelegate.swift in Sources */,
				8335579A2395058C0024B294 /* SceneDelegate.swift in Sources */,
				83FEB6262395065300CA0E80 /* Post.swift in Sources */,
				83FEB629239506A500CA0E80 /* PostVM.swift in Sources */,
			);
			runOnlyForDeploymentPostprocessing = 0;
		};
/* End PBXSourcesBuildPhase section */

/* Begin PBXVariantGroup section */
		8335579D2395058C0024B294 /* Main.storyboard */ = {
			isa = PBXVariantGroup;
			children = (
				8335579E2395058C0024B294 /* Base */,
			);
			name = Main.storyboard;
			sourceTree = "<group>";
		};
		833557A22395058D0024B294 /* LaunchScreen.storyboard */ = {
			isa = PBXVariantGroup;
			children = (
				833557A32395058D0024B294 /* Base */,
			);
			name = LaunchScreen.storyboard;
			sourceTree = "<group>";
		};
/* End PBXVariantGroup section */

/* Begin XCBuildConfiguration section */
		833557A62395058D0024B294 /* Debug */ = {
			isa = XCBuildConfiguration;
			buildSettings = {
				ALWAYS_SEARCH_USER_PATHS = NO;
				CLANG_ANALYZER_NONNULL = YES;
				CLANG_ANALYZER_NUMBER_OBJECT_CONVERSION = YES_AGGRESSIVE;
				CLANG_CXX_LANGUAGE_STANDARD = "gnu++14";
				CLANG_CXX_LIBRARY = "libc++";
				CLANG_ENABLE_MODULES = YES;
				CLANG_ENABLE_OBJC_ARC = YES;
				CLANG_ENABLE_OBJC_WEAK = YES;
				CLANG_WARN_BLOCK_CAPTURE_AUTORELEASING = YES;
				CLANG_WARN_BOOL_CONVERSION = YES;
				CLANG_WARN_COMMA = YES;
				CLANG_WARN_CONSTANT_CONVERSION = YES;
				CLANG_WARN_DEPRECATED_OBJC_IMPLEMENTATIONS = YES;
				CLANG_WARN_DIRECT_OBJC_ISA_USAGE = YES_ERROR;
				CLANG_WARN_DOCUMENTATION_COMMENTS = YES;
				CLANG_WARN_EMPTY_BODY = YES;
				CLANG_WARN_ENUM_CONVERSION = YES;
				CLANG_WARN_INFINITE_RECURSION = YES;
				CLANG_WARN_INT_CONVERSION = YES;
				CLANG_WARN_NON_LITERAL_NULL_CONVERSION = YES;
				CLANG_WARN_OBJC_IMPLICIT_RETAIN_SELF = YES;
				CLANG_WARN_OBJC_LITERAL_CONVERSION = YES;
				CLANG_WARN_OBJC_ROOT_CLASS = YES_ERROR;
				CLANG_WARN_RANGE_LOOP_ANALYSIS = YES;
				CLANG_WARN_STRICT_PROTOTYPES = YES;
				CLANG_WARN_SUSPICIOUS_MOVE = YES;
				CLANG_WARN_UNGUARDED_AVAILABILITY = YES_AGGRESSIVE;
				CLANG_WARN_UNREACHABLE_CODE = YES;
				CLANG_WARN__DUPLICATE_METHOD_MATCH = YES;
				COPY_PHASE_STRIP = NO;
				DEBUG_INFORMATION_FORMAT = dwarf;
				ENABLE_STRICT_OBJC_MSGSEND = YES;
				ENABLE_TESTABILITY = YES;
				GCC_C_LANGUAGE_STANDARD = gnu11;
				GCC_DYNAMIC_NO_PIC = NO;
				GCC_NO_COMMON_BLOCKS = YES;
				GCC_OPTIMIZATION_LEVEL = 0;
				GCC_PREPROCESSOR_DEFINITIONS = (
					"DEBUG=1",
					"$(inherited)",
				);
				GCC_WARN_64_TO_32_BIT_CONVERSION = YES;
				GCC_WARN_ABOUT_RETURN_TYPE = YES_ERROR;
				GCC_WARN_UNDECLARED_SELECTOR = YES;
				GCC_WARN_UNINITIALIZED_AUTOS = YES_AGGRESSIVE;
				GCC_WARN_UNUSED_FUNCTION = YES;
				GCC_WARN_UNUSED_VARIABLE = YES;
				IPHONEOS_DEPLOYMENT_TARGET = 13.1;
				MTL_ENABLE_DEBUG_INFO = INCLUDE_SOURCE;
				MTL_FAST_MATH = YES;
				ONLY_ACTIVE_ARCH = YES;
				SDKROOT = iphoneos;
				SWIFT_ACTIVE_COMPILATION_CONDITIONS = DEBUG;
				SWIFT_OPTIMIZATION_LEVEL = "-Onone";
			};
			name = Debug;
		};
		833557A72395058D0024B294 /* Release */ = {
			isa = XCBuildConfiguration;
			buildSettings = {
				ALWAYS_SEARCH_USER_PATHS = NO;
				CLANG_ANALYZER_NONNULL = YES;
				CLANG_ANALYZER_NUMBER_OBJECT_CONVERSION = YES_AGGRESSIVE;
				CLANG_CXX_LANGUAGE_STANDARD = "gnu++14";
				CLANG_CXX_LIBRARY = "libc++";
				CLANG_ENABLE_MODULES = YES;
				CLANG_ENABLE_OBJC_ARC = YES;
				CLANG_ENABLE_OBJC_WEAK = YES;
				CLANG_WARN_BLOCK_CAPTURE_AUTORELEASING = YES;
				CLANG_WARN_BOOL_CONVERSION = YES;
				CLANG_WARN_COMMA = YES;
				CLANG_WARN_CONSTANT_CONVERSION = YES;
				CLANG_WARN_DEPRECATED_OBJC_IMPLEMENTATIONS = YES;
				CLANG_WARN_DIRECT_OBJC_ISA_USAGE = YES_ERROR;
				CLANG_WARN_DOCUMENTATION_COMMENTS = YES;
				CLANG_WARN_EMPTY_BODY = YES;
				CLANG_WARN_ENUM_CONVERSION = YES;
				CLANG_WARN_INFINITE_RECURSION = YES;
				CLANG_WARN_INT_CONVERSION = YES;
				CLANG_WARN_NON_LITERAL_NULL_CONVERSION = YES;
				CLANG_WARN_OBJC_IMPLICIT_RETAIN_SELF = YES;
				CLANG_WARN_OBJC_LITERAL_CONVERSION = YES;
				CLANG_WARN_OBJC_ROOT_CLASS = YES_ERROR;
				CLANG_WARN_RANGE_LOOP_ANALYSIS = YES;
				CLANG_WARN_STRICT_PROTOTYPES = YES;
				CLANG_WARN_SUSPICIOUS_MOVE = YES;
				CLANG_WARN_UNGUARDED_AVAILABILITY = YES_AGGRESSIVE;
				CLANG_WARN_UNREACHABLE_CODE = YES;
				CLANG_WARN__DUPLICATE_METHOD_MATCH = YES;
				COPY_PHASE_STRIP = NO;
				DEBUG_INFORMATION_FORMAT = "dwarf-with-dsym";
				ENABLE_NS_ASSERTIONS = NO;
				ENABLE_STRICT_OBJC_MSGSEND = YES;
				GCC_C_LANGUAGE_STANDARD = gnu11;
				GCC_NO_COMMON_BLOCKS = YES;
				GCC_WARN_64_TO_32_BIT_CONVERSION = YES;
				GCC_WARN_ABOUT_RETURN_TYPE = YES_ERROR;
				GCC_WARN_UNDECLARED_SELECTOR = YES;
				GCC_WARN_UNINITIALIZED_AUTOS = YES_AGGRESSIVE;
				GCC_WARN_UNUSED_FUNCTION = YES;
				GCC_WARN_UNUSED_VARIABLE = YES;
				IPHONEOS_DEPLOYMENT_TARGET = 13.1;
				MTL_ENABLE_DEBUG_INFO = NO;
				MTL_FAST_MATH = YES;
				SDKROOT = iphoneos;
				SWIFT_COMPILATION_MODE = wholemodule;
				SWIFT_OPTIMIZATION_LEVEL = "-O";
				VALIDATE_PRODUCT = YES;
			};
			name = Release;
		};
		833557A92395058D0024B294 /* Debug */ = {
			isa = XCBuildConfiguration;
			baseConfigurationReference = B5A429723741B9F31E96AF09 /* Pods-RxSwiftExample.debug.xcconfig */;
			buildSettings = {
				ASSETCATALOG_COMPILER_APPICON_NAME = AppIcon;
				CODE_SIGN_STYLE = Automatic;
				DEVELOPMENT_TEAM = WZB5R9B92Y;
				INFOPLIST_FILE = RxSwiftExample/Info.plist;
				LD_RUNPATH_SEARCH_PATHS = (
					"$(inherited)",
					"@executable_path/Frameworks",
				);
				PRODUCT_BUNDLE_IDENTIFIER = co.id.aminfaruq.RxSwiftExample;
				PRODUCT_NAME = "$(TARGET_NAME)";
				SWIFT_VERSION = 5.0;
				TARGETED_DEVICE_FAMILY = "1,2";
			};
			name = Debug;
		};
		833557AA2395058D0024B294 /* Release */ = {
			isa = XCBuildConfiguration;
			baseConfigurationReference = ADB6D4426A4ED4FCA50423AC /* Pods-RxSwiftExample.release.xcconfig */;
			buildSettings = {
				ASSETCATALOG_COMPILER_APPICON_NAME = AppIcon;
				CODE_SIGN_STYLE = Automatic;
				DEVELOPMENT_TEAM = WZB5R9B92Y;
				INFOPLIST_FILE = RxSwiftExample/Info.plist;
				LD_RUNPATH_SEARCH_PATHS = (
					"$(inherited)",
					"@executable_path/Frameworks",
				);
				PRODUCT_BUNDLE_IDENTIFIER = co.id.aminfaruq.RxSwiftExample;
				PRODUCT_NAME = "$(TARGET_NAME)";
				SWIFT_VERSION = 5.0;
				TARGETED_DEVICE_FAMILY = "1,2";
			};
			name = Release;
		};
/* End XCBuildConfiguration section */

/* Begin XCConfigurationList section */
		8335578F2395058C0024B294 /* Build configuration list for PBXProject "RxSwiftExample" */ = {
			isa = XCConfigurationList;
			buildConfigurations = (
				833557A62395058D0024B294 /* Debug */,
				833557A72395058D0024B294 /* Release */,
			);
			defaultConfigurationIsVisible = 0;
			defaultConfigurationName = Release;
		};
		833557A82395058D0024B294 /* Build configuration list for PBXNativeTarget "RxSwiftExample" */ = {
			isa = XCConfigurationList;
			buildConfigurations = (
				833557A92395058D0024B294 /* Debug */,
				833557AA2395058D0024B294 /* Release */,
			);
			defaultConfigurationIsVisible = 0;
			defaultConfigurationName = Release;
		};
/* End XCConfigurationList section */
	};
	rootObject = 8335578C2395058C0024B294 /* Project object */;
}
